
Microsoft Visual Studio Solution File, Format Version 12.00
# Visual Studio Version 17
VisualStudioVersion = 17.8.34525.116
MinimumVisualStudioVersion = 10.0.40219.1
Project("{FAE04EC0-301F-11D3-BF4B-00C04F79EFBC}") = "QuizGameApp2024", "QuizGameApp2024\QuizGameApp2024.csproj", "{591938FF-C744-41B1-B361-64CDA6F86FB6}"
EndProject
Global
	GlobalSection(SolutionConfigurationPlatforms) = preSolution
		Debug|Any CPU = Debug|Any CPU
		Release|Any CPU = Release|Any CPU
	EndGlobalSection
	GlobalSection(ProjectConfigurationPlatforms) = postSolution
		{591938FF-C744-41B1-B361-64CDA6F86FB6}.Debug|Any CPU.ActiveCfg = Debug|Any CPU
		{591938FF-C744-41B1-B361-64CDA6F86FB6}.Debug|Any CPU.Build.0 = Debug|Any CPU
		{591938FF-C744-41B1-B361-64CDA6F86FB6}.Release|Any CPU.ActiveCfg = Release|Any CPU
		{591938FF-C744-41B1-B361-64CDA6F86FB6}.Release|Any CPU.Build.0 = Release|Any CPU
	EndGlobalSection
	GlobalSection(SolutionProperties) = preSolution
		HideSolutionNode = FALSE
	EndGlobalSection
	GlobalSection(ExtensibilityGlobals) = postSolution
		SolutionGuid = {031B4668-F651-4A7D-BBEF-54526E9B8876}
	EndGlobalSection
EndGlobal
